
Microsoft Visual Studio Solution File, Format Version 12.00
# Visual Studio Version 17
VisualStudioVersion = 17.8.34322.80
MinimumVisualStudioVersion = 10.0.40219.1
Project("{9A19103F-16F7-4668-BE54-9A1E7A4F7556}") = "BlazorCosmosDataExplorer", "BlazorCosmosDataExplorer\BlazorCosmosDataExplorer.csproj", "{27CA24B5-5902-4337-8649-3DA53690224B}"
EndProject
Global
	GlobalSection(SolutionConfigurationPlatforms) = preSolution
		Debug|Any CPU = Debug|Any CPU
		Release|Any CPU = Release|Any CPU
	EndGlobalSection
	GlobalSection(ProjectConfigurationPlatforms) = postSolution
		{27CA24B5-5902-4337-8649-3DA53690224B}.Debug|Any CPU.ActiveCfg = Debug|Any CPU
		{27CA24B5-5902-4337-8649-3DA53690224B}.Debug|Any CPU.Build.0 = Debug|Any CPU
		{27CA24B5-5902-4337-8649-3DA53690224B}.Release|Any CPU.ActiveCfg = Release|Any CPU
		{27CA24B5-5902-4337-8649-3DA53690224B}.Release|Any CPU.Build.0 = Release|Any CPU
	EndGlobalSection
	GlobalSection(SolutionProperties) = preSolution
		HideSolutionNode = FALSE
	EndGlobalSection
	GlobalSection(ExtensibilityGlobals) = postSolution
		SolutionGuid = {DBE9CF6E-A5D7-44C7-99A1-9CBAF5343CE1}
	EndGlobalSection
EndGlobal
